
Microsoft Visual Studio Solution File, Format Version 12.00
# Visual Studio 15
VisualStudioVersion = 15.0.28010.2016
MinimumVisualStudioVersion = 10.0.40219.1
Project("{FAE04EC0-301F-11D3-BF4B-00C04F79EFBC}") = "KLOON.Verify", "StatisticApp\KLOON.Verify.csproj", "{B018C14F-48C5-4905-BAFD-99EB26359447}"
EndProject
Project("{FAE04EC0-301F-11D3-BF4B-00C04F79EFBC}") = "KLOON.ReadProgram", "GetAppInstalled\KLOON.ReadProgram.csproj", "{8A4AD61E-B22E-4E0A-9B92-E0237C1F078B}"
EndProject
Global
	GlobalSection(SolutionConfigurationPlatforms) = preSolution
		Debug|Any CPU = Debug|Any CPU
		Release|Any CPU = Release|Any CPU
	EndGlobalSection
	GlobalSection(ProjectConfigurationPlatforms) = postSolution
		{B018C14F-48C5-4905-BAFD-99EB26359447}.Debug|Any CPU.ActiveCfg = Debug|Any CPU
		{B018C14F-48C5-4905-BAFD-99EB26359447}.Debug|Any CPU.Build.0 = Debug|Any CPU
		{B018C14F-48C5-4905-BAFD-99EB26359447}.Release|Any CPU.ActiveCfg = Release|Any CPU
		{B018C14F-48C5-4905-BAFD-99EB26359447}.Release|Any CPU.Build.0 = Release|Any CPU
		{8A4AD61E-B22E-4E0A-9B92-E0237C1F078B}.Debug|Any CPU.ActiveCfg = Debug|Any CPU
		{8A4AD61E-B22E-4E0A-9B92-E0237C1F078B}.Debug|Any CPU.Build.0 = Debug|Any CPU
		{8A4AD61E-B22E-4E0A-9B92-E0237C1F078B}.Release|Any CPU.ActiveCfg = Release|Any CPU
		{8A4AD61E-B22E-4E0A-9B92-E0237C1F078B}.Release|Any CPU.Build.0 = Release|Any CPU
	EndGlobalSection
	GlobalSection(SolutionProperties) = preSolution
		HideSolutionNode = FALSE
	EndGlobalSection
	GlobalSection(ExtensibilityGlobals) = postSolution
		SolutionGuid = {FAC1329C-02AF-4E17-B67E-38B5BB8D3199}
	EndGlobalSection
EndGlobal
